
Microsoft Visual Studio Solution File, Format Version 12.00
# Visual Studio 15
VisualStudioVersion = 15.0.26711.1
MinimumVisualStudioVersion = 10.0.40219.1
Project("{D954291E-2A0B-460D-934E-DC6B0785DB48}") = "App9", "App9\App9\App9.shproj", "{F2CF592D-6962-4A1B-A9BE-EAF199D2006C}"
EndProject
Project("{FAE04EC0-301F-11D3-BF4B-00C04F79EFBC}") = "App9.Android", "App9\App9.Android\App9.Android.csproj", "{2CAA0BBE-BB09-4F93-999D-B24141219886}"
EndProject
Project("{FAE04EC0-301F-11D3-BF4B-00C04F79EFBC}") = "App9.iOS", "App9\App9.iOS\App9.iOS.csproj", "{66796B3E-3544-4910-8C70-BE962BD4C00E}"
EndProject
Global
	GlobalSection(SharedMSBuildProjectFiles) = preSolution
		App9\App9\App9.projitems*{2caa0bbe-bb09-4f93-999d-b24141219886}*SharedItemsImports = 4
		App9\App9\App9.projitems*{66796b3e-3544-4910-8c70-be962bd4c00e}*SharedItemsImports = 4
		App9\App9\App9.projitems*{f2cf592d-6962-4a1b-a9be-eaf199d2006c}*SharedItemsImports = 13
	EndGlobalSection
	GlobalSection(SolutionConfigurationPlatforms) = preSolution
		Ad-Hoc|Any CPU = Ad-Hoc|Any CPU
		Ad-Hoc|iPhone = Ad-Hoc|iPhone
		Ad-Hoc|iPhoneSimulator = Ad-Hoc|iPhoneSimulator
		AppStore|Any CPU = AppStore|Any CPU
		AppStore|iPhone = AppStore|iPhone
		AppStore|iPhoneSimulator = AppStore|iPhoneSimulator
		Debug|Any CPU = Debug|Any CPU
		Debug|iPhone = Debug|iPhone
		Debug|iPhoneSimulator = Debug|iPhoneSimulator
		Release|Any CPU = Release|Any CPU
		Release|iPhone = Release|iPhone
		Release|iPhoneSimulator = Release|iPhoneSimulator
	EndGlobalSection
	GlobalSection(ProjectConfigurationPlatforms) = postSolution
		{2CAA0BBE-BB09-4F93-999D-B24141219886}.Ad-Hoc|Any CPU.ActiveCfg = Release|Any CPU
		{2CAA0BBE-BB09-4F93-999D-B24141219886}.Ad-Hoc|Any CPU.Build.0 = Release|Any CPU
		{2CAA0BBE-BB09-4F93-999D-B24141219886}.Ad-Hoc|Any CPU.Deploy.0 = Release|Any CPU
		{2CAA0BBE-BB09-4F93-999D-B24141219886}.Ad-Hoc|iPhone.ActiveCfg = Release|Any CPU
		{2CAA0BBE-BB09-4F93-999D-B24141219886}.Ad-Hoc|iPhone.Build.0 = Release|Any CPU
		{2CAA0BBE-BB09-4F93-999D-B24141219886}.Ad-Hoc|iPhone.Deploy.0 = Release|Any CPU
		{2CAA0BBE-BB09-4F93-999D-B24141219886}.Ad-Hoc|iPhoneSimulator.ActiveCfg = Release|Any CPU
		{2CAA0BBE-BB09-4F93-999D-B24141219886}.Ad-Hoc|iPhoneSimulator.Build.0 = Release|Any CPU
		{2CAA0BBE-BB09-4F93-999D-B24141219886}.Ad-Hoc|iPhoneSimulator.Deploy.0 = Release|Any CPU
		{2CAA0BBE-BB09-4F93-999D-B24141219886}.AppStore|Any CPU.ActiveCfg = Release|Any CPU
		{2CAA0BBE-BB09-4F93-999D-B24141219886}.AppStore|Any CPU.Build.0 = Release|Any CPU
		{2CAA0BBE-BB09-4F93-999D-B24141219886}.AppStore|Any CPU.Deploy.0 = Release|Any CPU
		{2CAA0BBE-BB09-4F93-999D-B24141219886}.AppStore|iPhone.ActiveCfg = Release|Any CPU
		{2CAA0BBE-BB09-4F93-999D-B24141219886}.AppStore|iPhone.Build.0 = Release|Any CPU
		{2CAA0BBE-BB09-4F93-999D-B24141219886}.AppStore|iPhone.Deploy.0 = Release|Any CPU
		{2CAA0BBE-BB09-4F93-999D-B24141219886}.AppStore|iPhoneSimulator.ActiveCfg = Release|Any CPU
		{2CAA0BBE-BB09-4F93-999D-B24141219886}.AppStore|iPhoneSimulator.Build.0 = Release|Any CPU
		{2CAA0BBE-BB09-4F93-999D-B24141219886}.AppStore|iPhoneSimulator.Deploy.0 = Release|Any CPU
		{2CAA0BBE-BB09-4F93-999D-B24141219886}.Debug|Any CPU.ActiveCfg = Debug|Any CPU
		{2CAA0BBE-BB09-4F93-999D-B24141219886}.Debug|Any CPU.Build.0 = Debug|Any CPU
		{2CAA0BBE-BB09-4F93-999D-B24141219886}.Debug|Any CPU.Deploy.0 = Debug|Any CPU
		{2CAA0BBE-BB09-4F93-999D-B24141219886}.Debug|iPhone.ActiveCfg = Debug|Any CPU
		{2CAA0BBE-BB09-4F93-999D-B24141219886}.Debug|iPhone.Build.0 = Debug|Any CPU
		{2CAA0BBE-BB09-4F93-999D-B24141219886}.Debug|iPhone.Deploy.0 = Debug|Any CPU
		{2CAA0BBE-BB09-4F93-999D-B24141219886}.Debug|iPhoneSimulator.ActiveCfg = Debug|Any CPU
		{2CAA0BBE-BB09-4F93-999D-B24141219886}.Debug|iPhoneSimulator.Build.0 = Debug|Any CPU
		{2CAA0BBE-BB09-4F93-999D-B24141219886}.Debug|iPhoneSimulator.Deploy.0 = Debug|Any CPU
		{2CAA0BBE-BB09-4F93-999D-B24141219886}.Release|Any CPU.ActiveCfg = Release|Any CPU
		{2CAA0BBE-BB09-4F93-999D-B24141219886}.Release|Any CPU.Build.0 = Release|Any CPU
		{2CAA0BBE-BB09-4F93-999D-B24141219886}.Release|Any CPU.Deploy.0 = Release|Any CPU
		{2CAA0BBE-BB09-4F93-999D-B24141219886}.Release|iPhone.ActiveCfg = Release|Any CPU
		{2CAA0BBE-BB09-4F93-999D-B24141219886}.Release|iPhone.Build.0 = Release|Any CPU
		{2CAA0BBE-BB09-4F93-999D-B24141219886}.Release|iPhone.Deploy.0 = Release|Any CPU
		{2CAA0BBE-BB09-4F93-999D-B24141219886}.Release|iPhoneSimulator.ActiveCfg = Release|Any CPU
		{2CAA0BBE-BB09-4F93-999D-B24141219886}.Release|iPhoneSimulator.Build.0 = Release|Any CPU
		{2CAA0BBE-BB09-4F93-999D-B24141219886}.Release|iPhoneSimulator.Deploy.0 = Release|Any CPU
		{66796B3E-3544-4910-8C70-BE962BD4C00E}.Ad-Hoc|Any CPU.ActiveCfg = Ad-Hoc|iPhone
		{66796B3E-3544-4910-8C70-BE962BD4C00E}.Ad-Hoc|iPhone.ActiveCfg = Ad-Hoc|iPhone
		{66796B3E-3544-4910-8C70-BE962BD4C00E}.Ad-Hoc|iPhone.Build.0 = Ad-Hoc|iPhone
		{66796B3E-3544-4910-8C70-BE962BD4C00E}.Ad-Hoc|iPhoneSimulator.ActiveCfg = Ad-Hoc|iPhoneSimulator
		{66796B3E-3544-4910-8C70-BE962BD4C00E}.Ad-Hoc|iPhoneSimulator.Build.0 = Ad-Hoc|iPhoneSimulator
		{66796B3E-3544-4910-8C70-BE962BD4C00E}.AppStore|Any CPU.ActiveCfg = AppStore|iPhone
		{66796B3E-3544-4910-8C70-BE962BD4C00E}.AppStore|iPhone.ActiveCfg = AppStore|iPhone
		{66796B3E-3544-4910-8C70-BE962BD4C00E}.AppStore|iPhone.Build.0 = AppStore|iPhone
		{66796B3E-3544-4910-8C70-BE962BD4C00E}.AppStore|iPhoneSimulator.ActiveCfg = AppStore|iPhoneSimulator
		{66796B3E-3544-4910-8C70-BE962BD4C00E}.AppStore|iPhoneSimulator.Build.0 = AppStore|iPhoneSimulator
		{66796B3E-3544-4910-8C70-BE962BD4C00E}.Debug|Any CPU.ActiveCfg = Debug|iPhone
		{66796B3E-3544-4910-8C70-BE962BD4C00E}.Debug|iPhone.ActiveCfg = Debug|iPhone
		{66796B3E-3544-4910-8C70-BE962BD4C00E}.Debug|iPhone.Build.0 = Debug|iPhone
		{66796B3E-3544-4910-8C70-BE962BD4C00E}.Debug|iPhoneSimulator.ActiveCfg = Debug|iPhoneSimulator
		{66796B3E-3544-4910-8C70-BE962BD4C00E}.Debug|iPhoneSimulator.Build.0 = Debug|iPhoneSimulator
		{66796B3E-3544-4910-8C70-BE962BD4C00E}.Release|Any CPU.ActiveCfg = Release|iPhone
		{66796B3E-3544-4910-8C70-BE962BD4C00E}.Release|iPhone.ActiveCfg = Release|iPhone
		{66796B3E-3544-4910-8C70-BE962BD4C00E}.Release|iPhone.Build.0 = Release|iPhone
		{66796B3E-3544-4910-8C70-BE962BD4C00E}.Release|iPhoneSimulator.ActiveCfg = Release|iPhoneSimulator
		{66796B3E-3544-4910-8C70-BE962BD4C00E}.Release|iPhoneSimulator.Build.0 = Release|iPhoneSimulator
	EndGlobalSection
	GlobalSection(SolutionProperties) = preSolution
		HideSolutionNode = FALSE
	EndGlobalSection
	GlobalSection(ExtensibilityGlobals) = postSolution
		SolutionGuid = {0BBFD7B7-7BEB-4ADF-9777-71FF4DBB14BE}
	EndGlobalSection
EndGlobal
